// !$*UTF8*$!
{
	archiveVersion = 1;
	classes = {
	};
	objectVersion = 46;
	objects = {

/* Begin PBXBuildFile section */
		B9AD50CC1E6E470A000EA8E5 /* main.m in Sources */ = {isa = PBXBuildFile; fileRef = B9AD50CB1E6E470A000EA8E5 /* main.m */; };
		B9AD50CF1E6E470A000EA8E5 /* AppDelegate.m in Sources */ = {isa = PBXBuildFile; fileRef = B9AD50CE1E6E470A000EA8E5 /* AppDelegate.m */; };
		B9AD50D21E6E470A000EA8E5 /* ViewController.m in Sources */ = {isa = PBXBuildFile; fileRef = B9AD50D11E6E470A000EA8E5 /* ViewController.m */; };
		B9AD50D51E6E470A000EA8E5 /* Main.storyboard in Resources */ = {isa = PBXBuildFile; fileRef = B9AD50D31E6E470A000EA8E5 /* Main.storyboard */; };
		B9AD50D71E6E470A000EA8E5 /* Assets.xcassets in Resources */ = {isa = PBXBuildFile; fileRef = B9AD50D61E6E470A000EA8E5 /* Assets.xcassets */; };
		B9AD50DA1E6E470A000EA8E5 /* LaunchScreen.storyboard in Resources */ = {isa = PBXBuildFile; fileRef = B9AD50D81E6E470A000EA8E5 /* LaunchScreen.storyboard */; };
		B9AD50E31E6E47EB000EA8E5 /* AAPLEAGLLayer.m in Sources */ = {isa = PBXBuildFile; fileRef = B9AD50E21E6E47EB000EA8E5 /* AAPLEAGLLayer.m */; };
		B9AD50ED1E6EA29D000EA8E5 /* VideoParser.m in Sources */ = {isa = PBXBuildFile; fileRef = B9AD50EC1E6EA29D000EA8E5 /* VideoParser.m */; };
		B9AD50EF1E6EAC94000EA8E5 /* mtv.h264 in Resources */ = {isa = PBXBuildFile; fileRef = B9AD50EE1E6EAC94000EA8E5 /* mtv.h264 */; };
/* End PBXBuildFile section */

/* Begin PBXFileReference section */
		B9AD50C71E6E470A000EA8E5 /* VideoDecode.app */ = {isa = PBXFileReference; explicitFileType = wrapper.application; includeInIndex = 0; path = VideoDecode.app; sourceTree = BUILT_PRODUCTS_DIR; };
		B9AD50CB1E6E470A000EA8E5 /* main.m */ = {isa = PBXFileReference; lastKnownFileType = sourcecode.c.objc; path = main.m; sourceTree = "<group>"; };
		B9AD50CD1E6E470A000EA8E5 /* AppDelegate.h */ = {isa = PBXFileReference; lastKnownFileType = sourcecode.c.h; path = AppDelegate.h; sourceTree = "<group>"; };
		B9AD50CE1E6E470A000EA8E5 /* AppDelegate.m */ = {isa = PBXFileReference; lastKnownFileType = sourcecode.c.objc; path = AppDelegate.m; sourceTree = "<group>"; };
		B9AD50D01E6E470A000EA8E5 /* ViewController.h */ = {isa = PBXFileReference; lastKnownFileType = sourcecode.c.h; path = ViewController.h; sourceTree = "<group>"; };
		B9AD50D11E6E470A000EA8E5 /* ViewController.m */ = {isa = PBXFileReference; lastKnownFileType = sourcecode.c.objc; path = ViewController.m; sourceTree = "<group>"; };
		B9AD50D41E6E470A000EA8E5 /* Base */ = {isa = PBXFileReference; lastKnownFileType = file.storyboard; name = Base; path = Base.lproj/Main.storyboard; sourceTree = "<group>"; };
		B9AD50D61E6E470A000EA8E5 /* Assets.xcassets */ = {isa = PBXFileReference; lastKnownFileType = folder.assetcatalog; path = Assets.xcassets; sourceTree = "<group>"; };
		B9AD50D91E6E470A000EA8E5 /* Base */ = {isa = PBXFileReference; lastKnownFileType = file.storyboard; name = Base; path = Base.lproj/LaunchScreen.storyboard; sourceTree = "<group>"; };
		B9AD50DB1E6E470A000EA8E5 /* Info.plist */ = {isa = PBXFileReference; lastKnownFileType = text.plist.xml; path = Info.plist; sourceTree = "<group>"; };
		B9AD50E11E6E47EB000EA8E5 /* AAPLEAGLLayer.h */ = {isa = PBXFileReference; fileEncoding = 4; lastKnownFileType = sourcecode.c.h; path = AAPLEAGLLayer.h; sourceTree = "<group>"; };
		B9AD50E21E6E47EB000EA8E5 /* AAPLEAGLLayer.m */ = {isa = PBXFileReference; fileEncoding = 4; lastKnownFileType = sourcecode.c.objc; path = AAPLEAGLLayer.m; sourceTree = "<group>"; };
		B9AD50EB1E6EA29D000EA8E5 /* VideoParser.h */ = {isa = PBXFileReference; fileEncoding = 4; lastKnownFileType = sourcecode.c.h; path = VideoParser.h; sourceTree = "<group>"; };
		B9AD50EC1E6EA29D000EA8E5 /* VideoParser.m */ = {isa = PBXFileReference; fileEncoding = 4; lastKnownFileType = sourcecode.c.objc; path = VideoParser.m; sourceTree = "<group>"; };
		B9AD50EE1E6EAC94000EA8E5 /* mtv.h264 */ = {isa = PBXFileReference; lastKnownFileType = file; path = mtv.h264; sourceTree = "<group>"; };
/* End PBXFileReference section */

/* Begin PBXFrameworksBuildPhase section */
		B9AD50C41E6E470A000EA8E5 /* Frameworks */ = {
			isa = PBXFrameworksBuildPhase;
			buildActionMask = 2147483647;
			files = (
			);
			runOnlyForDeploymentPostprocessing = 0;
		};
/* End PBXFrameworksBuildPhase section */

/* Begin PBXGroup section */
		B9AD50BE1E6E470A000EA8E5 = {
			isa = PBXGroup;
			children = (
				B9AD50C91E6E470A000EA8E5 /* VideoDecode */,
				B9AD50C81E6E470A000EA8E5 /* Products */,
			);
			sourceTree = "<group>";
		};
		B9AD50C81E6E470A000EA8E5 /* Products */ = {
			isa = PBXGroup;
			children = (
				B9AD50C71E6E470A000EA8E5 /* VideoDecode.app */,
			);
			name = Products;
			sourceTree = "<group>";
		};
		B9AD50C91E6E470A000EA8E5 /* VideoDecode */ = {
			isa = PBXGroup;
			children = (
				B9AD50EE1E6EAC94000EA8E5 /* mtv.h264 */,
				B9AD50CD1E6E470A000EA8E5 /* AppDelegate.h */,
				B9AD50CE1E6E470A000EA8E5 /* AppDelegate.m */,
				B9AD50D01E6E470A000EA8E5 /* ViewController.h */,
				B9AD50D11E6E470A000EA8E5 /* ViewController.m */,
				B9AD50EB1E6EA29D000EA8E5 /* VideoParser.h */,
				B9AD50EC1E6EA29D000EA8E5 /* VideoParser.m */,
				B9AD50E11E6E47EB000EA8E5 /* AAPLEAGLLayer.h */,
				B9AD50E21E6E47EB000EA8E5 /* AAPLEAGLLayer.m */,
				B9AD50D31E6E470A000EA8E5 /* Main.storyboard */,
				B9AD50D61E6E470A000EA8E5 /* Assets.xcassets */,
				B9AD50D81E6E470A000EA8E5 /* LaunchScreen.storyboard */,
				B9AD50DB1E6E470A000EA8E5 /* Info.plist */,
				B9AD50CA1E6E470A000EA8E5 /* Supporting Files */,
			);
			path = VideoDecode;
			sourceTree = "<group>";
		};
		B9AD50CA1E6E470A000EA8E5 /* Supporting Files */ = {
			isa = PBXGroup;
			children = (
				B9AD50CB1E6E470A000EA8E5 /* main.m */,
			);
			name = "Supporting Files";
			sourceTree = "<group>";
		};
/* End PBXGroup section */

/* Begin PBXNativeTarget section */
		B9AD50C61E6E470A000EA8E5 /* VideoDecode */ = {
			isa = PBXNativeTarget;
			buildConfigurationList = B9AD50DE1E6E470A000EA8E5 /* Build configuration list for PBXNativeTarget "VideoDecode" */;
			buildPhases = (
				B9AD50C31E6E470A000EA8E5 /* Sources */,
				B9AD50C41E6E470A000EA8E5 /* Frameworks */,
				B9AD50C51E6E470A000EA8E5 /* Resources */,
			);
			buildRules = (
			);
			dependencies = (
			);
			name = VideoDecode;
			productName = VideoDecode;
			productReference = B9AD50C71E6E470A000EA8E5 /* VideoDecode.app */;
			productType = "com.apple.product-type.application";
		};
/* End PBXNativeTarget section */

/* Begin PBXProject section */
		B9AD50BF1E6E470A000EA8E5 /* Project object */ = {
			isa = PBXProject;
			attributes = {
				LastUpgradeCheck = 0820;
				ORGANIZATIONNAME = yuneec;
				TargetAttributes = {
					B9AD50C61E6E470A000EA8E5 = {
						CreatedOnToolsVersion = 8.2.1;
						DevelopmentTeam = 7TWV6233J9;
						ProvisioningStyle = Automatic;
					};
				};
			};
			buildConfigurationList = B9AD50C21E6E470A000EA8E5 /* Build configuration list for PBXProject "VideoDecode" */;
			compatibilityVersion = "Xcode 3.2";
			developmentRegion = English;
			hasScannedForEncodings = 0;
			knownRegions = (
				en,
				Base,
			);
			mainGroup = B9AD50BE1E6E470A000EA8E5;
			productRefGroup = B9AD50C81E6E470A000EA8E5 /* Products */;
			projectDirPath = "";
			projectRoot = "";
			targets = (
				B9AD50C61E6E470A000EA8E5 /* VideoDecode */,
			);
		};
/* End PBXProject section */

/* Begin PBXResourcesBuildPhase section */
		B9AD50C51E6E470A000EA8E5 /* Resources */ = {
			isa = PBXResourcesBuildPhase;
			buildActionMask = 2147483647;
			files = (
				B9AD50DA1E6E470A000EA8E5 /* LaunchScreen.storyboard in Resources */,
				B9AD50EF1E6EAC94000EA8E5 /* mtv.h264 in Resources */,
				B9AD50D71E6E470A000EA8E5 /* Assets.xcassets in Resources */,
				B9AD50D51E6E470A000EA8E5 /* Main.storyboard in Resources */,
			);
			runOnlyForDeploymentPostprocessing = 0;
		};
/* End PBXResourcesBuildPhase section */

/* Begin PBXSourcesBuildPhase section */
		B9AD50C31E6E470A000EA8E5 /* Sources */ = {
			isa = PBXSourcesBuildPhase;
			buildActionMask = 2147483647;
			files = (
				B9AD50D21E6E470A000EA8E5 /* ViewController.m in Sources */,
				B9AD50CF1E6E470A000EA8E5 /* AppDelegate.m in Sources */,
				B9AD50ED1E6EA29D000EA8E5 /* VideoParser.m in Sources */,
				B9AD50E31E6E47EB000EA8E5 /* AAPLEAGLLayer.m in Sources */,
				B9AD50CC1E6E470A000EA8E5 /* main.m in Sources */,
			);
			runOnlyForDeploymentPostprocessing = 0;
		};
/* End PBXSourcesBuildPhase section */

/* Begin PBXVariantGroup section */
		B9AD50D31E6E470A000EA8E5 /* Main.storyboard */ = {
			isa = PBXVariantGroup;
			children = (
				B9AD50D41E6E470A000EA8E5 /* Base */,
			);
			name = Main.storyboard;
			sourceTree = "<group>";
		};
		B9AD50D81E6E470A000EA8E5 /* LaunchScreen.storyboard */ = {
			isa = PBXVariantGroup;
			children = (
				B9AD50D91E6E470A000EA8E5 /* Base */,
			);
			name = LaunchScreen.storyboard;
			sourceTree = "<group>";
		};
/* End PBXVariantGroup section */

/* Begin XCBuildConfiguration section */
		B9AD50DC1E6E470A000EA8E5 /* Debug */ = {
			isa = XCBuildConfiguration;
			buildSettings = {
				ALWAYS_SEARCH_USER_PATHS = NO;
				CLANG_ANALYZER_NONNULL = YES;
				CLANG_CXX_LANGUAGE_STANDARD = "gnu++0x";
				CLANG_CXX_LIBRARY = "libc++";
				CLANG_ENABLE_MODULES = YES;
				CLANG_ENABLE_OBJC_ARC = YES;
				CLANG_WARN_BOOL_CONVERSION = YES;
				CLANG_WARN_CONSTANT_CONVERSION = YES;
				CLANG_WARN_DIRECT_OBJC_ISA_USAGE = YES_ERROR;
				CLANG_WARN_DOCUMENTATION_COMMENTS = YES;
				CLANG_WARN_EMPTY_BODY = YES;
				CLANG_WARN_ENUM_CONVERSION = YES;
				CLANG_WARN_INFINITE_RECURSION = YES;
				CLANG_WARN_INT_CONVERSION = YES;
				CLANG_WARN_OBJC_ROOT_CLASS = YES_ERROR;
				CLANG_WARN_SUSPICIOUS_MOVE = YES;
				CLANG_WARN_UNREACHABLE_CODE = YES;
				CLANG_WARN__DUPLICATE_METHOD_MATCH = YES;
				"CODE_SIGN_IDENTITY[sdk=iphoneos*]" = "iPhone Developer";
				COPY_PHASE_STRIP = NO;
				DEBUG_INFORMATION_FORMAT = dwarf;
				ENABLE_STRICT_OBJC_MSGSEND = YES;
				ENABLE_TESTABILITY = YES;
				GCC_C_LANGUAGE_STANDARD = gnu99;
				GCC_DYNAMIC_NO_PIC = NO;
				GCC_NO_COMMON_BLOCKS = YES;
				GCC_OPTIMIZATION_LEVEL = 0;
				GCC_PREPROCESSOR_DEFINITIONS = (
					"DEBUG=1",
					"$(inherited)",
				);
				GCC_WARN_64_TO_32_BIT_CONVERSION = YES;
				GCC_WARN_ABOUT_RETURN_TYPE = YES_ERROR;
				GCC_WARN_UNDECLARED_SELECTOR = YES;
				GCC_WARN_UNINITIALIZED_AUTOS = YES_AGGRESSIVE;
				GCC_WARN_UNUSED_FUNCTION = YES;
				GCC_WARN_UNUSED_VARIABLE = YES;
				IPHONEOS_DEPLOYMENT_TARGET = 10.0;
				MTL_ENABLE_DEBUG_INFO = YES;
				ONLY_ACTIVE_ARCH = YES;
				SDKROOT = iphoneos;
			};
			name = Debug;
		};
		B9AD50DD1E6E470A000EA8E5 /* Release */ = {
			isa = XCBuildConfiguration;
			buildSettings = {
				ALWAYS_SEARCH_USER_PATHS = NO;
				CLANG_ANALYZER_NONNULL = YES;
				CLANG_CXX_LANGUAGE_STANDARD = "gnu++0x";
				CLANG_CXX_LIBRARY = "libc++";
				CLANG_ENABLE_MODULES = YES;
				CLANG_ENABLE_OBJC_ARC = YES;
				CLANG_WARN_BOOL_CONVERSION = YES;
				CLANG_WARN_CONSTANT_CONVERSION = YES;
				CLANG_WARN_DIRECT_OBJC_ISA_USAGE = YES_ERROR;
				CLANG_WARN_DOCUMENTATION_COMMENTS = YES;
				CLANG_WARN_EMPTY_BODY = YES;
				CLANG_WARN_ENUM_CONVERSION = YES;
				CLANG_WARN_INFINITE_RECURSION = YES;
				CLANG_WARN_INT_CONVERSION = YES;
				CLANG_WARN_OBJC_ROOT_CLASS = YES_ERROR;
				CLANG_WARN_SUSPICIOUS_MOVE = YES;
				CLANG_WARN_UNREACHABLE_CODE = YES;
				CLANG_WARN__DUPLICATE_METHOD_MATCH = YES;
				"CODE_SIGN_IDENTITY[sdk=iphoneos*]" = "iPhone Developer";
				COPY_PHASE_STRIP = NO;
				DEBUG_INFORMATION_FORMAT = "dwarf-with-dsym";
				ENABLE_NS_ASSERTIONS = NO;
				ENABLE_STRICT_OBJC_MSGSEND = YES;
				GCC_C_LANGUAGE_STANDARD = gnu99;
				GCC_NO_COMMON_BLOCKS = YES;
				GCC_WARN_64_TO_32_BIT_CONVERSION = YES;
				GCC_WARN_ABOUT_RETURN_TYPE = YES_ERROR;
				GCC_WARN_UNDECLARED_SELECTOR = YES;
				GCC_WARN_UNINITIALIZED_AUTOS = YES_AGGRESSIVE;
				GCC_WARN_UNUSED_FUNCTION = YES;
				GCC_WARN_UNUSED_VARIABLE = YES;
				IPHONEOS_DEPLOYMENT_TARGET = 10.0;
				MTL_ENABLE_DEBUG_INFO = NO;
				SDKROOT = iphoneos;
				VALIDATE_PRODUCT = YES;
			};
			name = Release;
		};
		B9AD50DF1E6E470A000EA8E5 /* Debug */ = {
			isa = XCBuildConfiguration;
			buildSettings = {
				ASSETCATALOG_COMPILER_APPICON_NAME = AppIcon;
				DEVELOPMENT_TEAM = 7TWV6233J9;
				INFOPLIST_FILE = VideoDecode/Info.plist;
				LD_RUNPATH_SEARCH_PATHS = "$(inherited) @executable_path/Frameworks";
				PRODUCT_BUNDLE_IDENTIFIER = com.yuneec.VideoDecode;
				PRODUCT_NAME = "$(TARGET_NAME)";
			};
			name = Debug;
		};
		B9AD50E01E6E470A000EA8E5 /* Release */ = {
			isa = XCBuildConfiguration;
			buildSettings = {
				ASSETCATALOG_COMPILER_APPICON_NAME = AppIcon;
				DEVELOPMENT_TEAM = 7TWV6233J9;
				INFOPLIST_FILE = VideoDecode/Info.plist;
				LD_RUNPATH_SEARCH_PATHS = "$(inherited) @executable_path/Frameworks";
				PRODUCT_BUNDLE_IDENTIFIER = com.yuneec.VideoDecode;
				PRODUCT_NAME = "$(TARGET_NAME)";
			};
			name = Release;
		};
/* End XCBuildConfiguration section */

/* Begin XCConfigurationList section */
		B9AD50C21E6E470A000EA8E5 /* Build configuration list for PBXProject "VideoDecode" */ = {
			isa = XCConfigurationList;
			buildConfigurations = (
				B9AD50DC1E6E470A000EA8E5 /* Debug */,
				B9AD50DD1E6E470A000EA8E5 /* Release */,
			);
			defaultConfigurationIsVisible = 0;
			defaultConfigurationName = Release;
		};
		B9AD50DE1E6E470A000EA8E5 /* Build configuration list for PBXNativeTarget "VideoDecode" */ = {
			isa = XCConfigurationList;
			buildConfigurations = (
				B9AD50DF1E6E470A000EA8E5 /* Debug */,
				B9AD50E01E6E470A000EA8E5 /* Release */,
			);
			defaultConfigurationIsVisible = 0;
		};
/* End XCConfigurationList section */
	};
	rootObject = B9AD50BF1E6E470A000EA8E5 /* Project object */;
}
